github.com/kkdai/luis v0.0.0-20180819185920-da6b802a5b2c h1:QYZW+isrYRiqMplYlLZGgrthrqUx7iFloD2dOKl2bk4=
github.com/kkdai/luis v0.0.0-20180819185920-da6b802a5b2c/go.mod h1:vBKTO8w097EO1XP3AHljYGur9TNP6MEJQKLlXseq0O0=
github.com/line/line-bot-sdk-go v3.0.1-0.20180809032542-0dd6d85ecc4f+incompatible h1:nm8gcoTb3Tdv/zBwQhie2h60u+q5lWhUYDmwf2Kk99M=
github.com/line/line-bot-sdk-go v3.0.1-0.20180809032542-0dd6d85ecc4f+incompatible/go.mod h1:0RjLjJEAU/3GIcHkC3av6O4jInAbt25nnZVmOFUgDBg=
golang.org/x/net v0.0.0-20160715184138-e90d6d0afc4c/go.mod h1:mL1N/T3taQHkDXs73rZJwtUhF3w3ftmwwsq0BUmARs4=
